// !$*UTF8*$!
{
	archiveVersion = 1;
	classes = {
	};
	objectVersion = 50;
	objects = {

/* Begin PBXBuildFile section */
		1089708D21197FB400A2827E /* AppDelegate.m in Sources */ = {isa = PBXBuildFile; fileRef = 1089708C21197FB400A2827E /* AppDelegate.m */; };
		1089709021197FB400A2827E /* ViewController.m in Sources */ = {isa = PBXBuildFile; fileRef = 1089708F21197FB400A2827E /* ViewController.m */; };
		1089709321197FB400A2827E /* Main.storyboard in Resources */ = {isa = PBXBuildFile; fileRef = 1089709121197FB400A2827E /* Main.storyboard */; };
		1089709521197FB600A2827E /* Assets.xcassets in Resources */ = {isa = PBXBuildFile; fileRef = 1089709421197FB600A2827E /* Assets.xcassets */; };
		1089709821197FB600A2827E /* LaunchScreen.storyboard in Resources */ = {isa = PBXBuildFile; fileRef = 1089709621197FB600A2827E /* LaunchScreen.storyboard */; };
		1089709B21197FB600A2827E /* main.m in Sources */ = {isa = PBXBuildFile; fileRef = 1089709A21197FB600A2827E /* main.m */; };
		108970C02119843900A2827E /* AViewController.m in Sources */ = {isa = PBXBuildFile; fileRef = 108970BF2119843800A2827E /* AViewController.m */; };
		108970E921198D4500A2827E /* Target_A.m in Sources */ = {isa = PBXBuildFile; fileRef = 108970E821198D4500A2827E /* Target_A.m */; };
		AB9808C86BCD44AF6F9D1730 /* libPods-A.a in Frameworks */ = {isa = PBXBuildFile; fileRef = 3F1AEAB94B03D4D1F3085D6A /* libPods-A.a */; };
/* End PBXBuildFile section */

/* Begin PBXFileReference section */
		1089708821197FB400A2827E /* A.app */ = {isa = PBXFileReference; explicitFileType = wrapper.application; includeInIndex = 0; path = A.app; sourceTree = BUILT_PRODUCTS_DIR; };
		1089708B21197FB400A2827E /* AppDelegate.h */ = {isa = PBXFileReference; lastKnownFileType = sourcecode.c.h; path = AppDelegate.h; sourceTree = "<group>"; };
		1089708C21197FB400A2827E /* AppDelegate.m */ = {isa = PBXFileReference; lastKnownFileType = sourcecode.c.objc; path = AppDelegate.m; sourceTree = "<group>"; };
		1089708E21197FB400A2827E /* ViewController.h */ = {isa = PBXFileReference; lastKnownFileType = sourcecode.c.h; path = ViewController.h; sourceTree = "<group>"; };
		1089708F21197FB400A2827E /* ViewController.m */ = {isa = PBXFileReference; lastKnownFileType = sourcecode.c.objc; path = ViewController.m; sourceTree = "<group>"; };
		1089709221197FB400A2827E /* Base */ = {isa = PBXFileReference; lastKnownFileType = file.storyboard; name = Base; path = Base.lproj/Main.storyboard; sourceTree = "<group>"; };
		1089709421197FB600A2827E /* Assets.xcassets */ = {isa = PBXFileReference; lastKnownFileType = folder.assetcatalog; path = Assets.xcassets; sourceTree = "<group>"; };
		1089709721197FB600A2827E /* Base */ = {isa = PBXFileReference; lastKnownFileType = file.storyboard; name = Base; path = Base.lproj/LaunchScreen.storyboard; sourceTree = "<group>"; };
		1089709921197FB600A2827E /* Info.plist */ = {isa = PBXFileReference; lastKnownFileType = text.plist.xml; path = Info.plist; sourceTree = "<group>"; };
		1089709A21197FB600A2827E /* main.m */ = {isa = PBXFileReference; lastKnownFileType = sourcecode.c.objc; path = main.m; sourceTree = "<group>"; };
		108970BE2119843800A2827E /* AViewController.h */ = {isa = PBXFileReference; fileEncoding = 4; lastKnownFileType = sourcecode.c.h; path = AViewController.h; sourceTree = "<group>"; };
		108970BF2119843800A2827E /* AViewController.m */ = {isa = PBXFileReference; fileEncoding = 4; lastKnownFileType = sourcecode.c.objc; path = AViewController.m; sourceTree = "<group>"; };
		108970E821198D4500A2827E /* Target_A.m */ = {isa = PBXFileReference; lastKnownFileType = sourcecode.c.objc; path = Target_A.m; sourceTree = "<group>"; };
		108970EA21198D5000A2827E /* Target_A.h */ = {isa = PBXFileReference; lastKnownFileType = sourcecode.c.h; path = Target_A.h; sourceTree = "<group>"; };
		3F1AEAB94B03D4D1F3085D6A /* libPods-A.a */ = {isa = PBXFileReference; explicitFileType = archive.ar; includeInIndex = 0; path = "libPods-A.a"; sourceTree = BUILT_PRODUCTS_DIR; };
		66A85BB613FDF85E764EE3AE /* Pods-A.release.xcconfig */ = {isa = PBXFileReference; includeInIndex = 1; lastKnownFileType = text.xcconfig; name = "Pods-A.release.xcconfig"; path = "Pods/Target Support Files/Pods-A/Pods-A.release.xcconfig"; sourceTree = "<group>"; };
		D9C2DEF7E7B615FA5E1D58DA /* Pods-A.debug.xcconfig */ = {isa = PBXFileReference; includeInIndex = 1; lastKnownFileType = text.xcconfig; name = "Pods-A.debug.xcconfig"; path = "Pods/Target Support Files/Pods-A/Pods-A.debug.xcconfig"; sourceTree = "<group>"; };
/* End PBXFileReference section */

/* Begin PBXFrameworksBuildPhase section */
		1089708521197FB400A2827E /* Frameworks */ = {
			isa = PBXFrameworksBuildPhase;
			buildActionMask = 2147483647;
			files = (
				AB9808C86BCD44AF6F9D1730 /* libPods-A.a in Frameworks */,
			);
			runOnlyForDeploymentPostprocessing = 0;
		};
/* End PBXFrameworksBuildPhase section */

/* Begin PBXGroup section */
		1089707F21197FB400A2827E = {
			isa = PBXGroup;
			children = (
				1089708A21197FB400A2827E /* A */,
				1089708921197FB400A2827E /* Products */,
				D6273F2F9A0AB27E43196377 /* Pods */,
				E0B72A9583F4F46B4A881A5B /* Frameworks */,
			);
			sourceTree = "<group>";
		};
		1089708921197FB400A2827E /* Products */ = {
			isa = PBXGroup;
			children = (
				1089708821197FB400A2827E /* A.app */,
			);
			name = Products;
			sourceTree = "<group>";
		};
		1089708A21197FB400A2827E /* A */ = {
			isa = PBXGroup;
			children = (
				108970BD2119843800A2827E /* A */,
				1089708B21197FB400A2827E /* AppDelegate.h */,
				1089708C21197FB400A2827E /* AppDelegate.m */,
				1089708E21197FB400A2827E /* ViewController.h */,
				1089708F21197FB400A2827E /* ViewController.m */,
				1089709121197FB400A2827E /* Main.storyboard */,
				1089709421197FB600A2827E /* Assets.xcassets */,
				1089709621197FB600A2827E /* LaunchScreen.storyboard */,
				1089709921197FB600A2827E /* Info.plist */,
				1089709A21197FB600A2827E /* main.m */,
			);
			path = A;
			sourceTree = "<group>";
		};
		108970BD2119843800A2827E /* A */ = {
			isa = PBXGroup;
			children = (
				108970E721198D2200A2827E /* Targets */,
				108970BE2119843800A2827E /* AViewController.h */,
				108970BF2119843800A2827E /* AViewController.m */,
			);
			path = A;
			sourceTree = "<group>";
		};
		108970E721198D2200A2827E /* Targets */ = {
			isa = PBXGroup;
			children = (
				108970E821198D4500A2827E /* Target_A.m */,
				108970EA21198D5000A2827E /* Target_A.h */,
			);
			path = Targets;
			sourceTree = "<group>";
		};
		D6273F2F9A0AB27E43196377 /* Pods */ = {
			isa = PBXGroup;
			children = (
				D9C2DEF7E7B615FA5E1D58DA /* Pods-A.debug.xcconfig */,
				66A85BB613FDF85E764EE3AE /* Pods-A.release.xcconfig */,
			);
			name = Pods;
			sourceTree = "<group>";
		};
		E0B72A9583F4F46B4A881A5B /* Frameworks */ = {
			isa = PBXGroup;
			children = (
				3F1AEAB94B03D4D1F3085D6A /* libPods-A.a */,
			);
			name = Frameworks;
			sourceTree = "<group>";
		};
/* End PBXGroup section */

/* Begin PBXNativeTarget section */
		1089708721197FB400A2827E /* A */ = {
			isa = PBXNativeTarget;
			buildConfigurationList = 108970B421197FB600A2827E /* Build configuration list for PBXNativeTarget "A" */;
			buildPhases = (
				7E991DFBF9F3CC3395172FEA /* [CP] Check Pods Manifest.lock */,
				1089708421197FB400A2827E /* Sources */,
				1089708521197FB400A2827E /* Frameworks */,
				1089708621197FB400A2827E /* Resources */,
			);
			buildRules = (
			);
			dependencies = (
			);
			name = A;
			productName = A;
			productReference = 1089708821197FB400A2827E /* A.app */;
			productType = "com.apple.product-type.application";
		};
/* End PBXNativeTarget section */

/* Begin PBXProject section */
		1089708021197FB400A2827E /* Project object */ = {
			isa = PBXProject;
			attributes = {
				LastUpgradeCheck = 0940;
				ORGANIZATIONNAME = zhangzhiguo;
				TargetAttributes = {
					1089708721197FB400A2827E = {
						CreatedOnToolsVersion = 9.4.1;
					};
				};
			};
			buildConfigurationList = 1089708321197FB400A2827E /* Build configuration list for PBXProject "A" */;
			compatibilityVersion = "Xcode 9.3";
			developmentRegion = en;
			hasScannedForEncodings = 0;
			knownRegions = (
				en,
				Base,
			);
			mainGroup = 1089707F21197FB400A2827E;
			productRefGroup = 1089708921197FB400A2827E /* Products */;
			projectDirPath = "";
			projectRoot = "";
			targets = (
				1089708721197FB400A2827E /* A */,
			);
		};
/* End PBXProject section */

/* Begin PBXResourcesBuildPhase section */
		1089708621197FB400A2827E /* Resources */ = {
			isa = PBXResourcesBuildPhase;
			buildActionMask = 2147483647;
			files = (
				1089709821197FB600A2827E /* LaunchScreen.storyboard in Resources */,
				1089709521197FB600A2827E /* Assets.xcassets in Resources */,
				1089709321197FB400A2827E /* Main.storyboard in Resources */,
			);
			runOnlyForDeploymentPostprocessing = 0;
		};
/* End PBXResourcesBuildPhase section */

/* Begin PBXShellScriptBuildPhase section */
		7E991DFBF9F3CC3395172FEA /* [CP] Check Pods Manifest.lock */ = {
			isa = PBXShellScriptBuildPhase;
			buildActionMask = 2147483647;
			files = (
			);
			inputPaths = (
				"${PODS_PODFILE_DIR_PATH}/Podfile.lock",
				"${PODS_ROOT}/Manifest.lock",
			);
			name = "[CP] Check Pods Manifest.lock";
			outputPaths = (
				"$(DERIVED_FILE_DIR)/Pods-A-checkManifestLockResult.txt",
			);
			runOnlyForDeploymentPostprocessing = 0;
			shellPath = /bin/sh;
			shellScript = "diff \"${PODS_PODFILE_DIR_PATH}/Podfile.lock\" \"${PODS_ROOT}/Manifest.lock\" > /dev/null\nif [ $? != 0 ] ; then\n    # print error to STDERR\n    echo \"error: The sandbox is not in sync with the Podfile.lock. Run 'pod install' or update your CocoaPods installation.\" >&2\n    exit 1\nfi\n# This output is used by Xcode 'outputs' to avoid re-running this script phase.\necho \"SUCCESS\" > \"${SCRIPT_OUTPUT_FILE_0}\"\n";
			showEnvVarsInLog = 0;
		};
/* End PBXShellScriptBuildPhase section */

/* Begin PBXSourcesBuildPhase section */
		1089708421197FB400A2827E /* Sources */ = {
			isa = PBXSourcesBuildPhase;
			buildActionMask = 2147483647;
			files = (
				108970C02119843900A2827E /* AViewController.m in Sources */,
				1089709021197FB400A2827E /* ViewController.m in Sources */,
				108970E921198D4500A2827E /* Target_A.m in Sources */,
				1089709B21197FB600A2827E /* main.m in Sources */,
				1089708D21197FB400A2827E /* AppDelegate.m in Sources */,
			);
			runOnlyForDeploymentPostprocessing = 0;
		};
/* End PBXSourcesBuildPhase section */

/* Begin PBXVariantGroup section */
		1089709121197FB400A2827E /* Main.storyboard */ = {
			isa = PBXVariantGroup;
			children = (
				1089709221197FB400A2827E /* Base */,
			);
			name = Main.storyboard;
			sourceTree = "<group>";
		};
		1089709621197FB600A2827E /* LaunchScreen.storyboard */ = {
			isa = PBXVariantGroup;
			children = (
				1089709721197FB600A2827E /* Base */,
			);
			name = LaunchScreen.storyboard;
			sourceTree = "<group>";
		};
/* End PBXVariantGroup section */

/* Begin XCBuildConfiguration section */
		108970B221197FB600A2827E /* Debug */ = {
			isa = XCBuildConfiguration;
			buildSettings = {
				ALWAYS_SEARCH_USER_PATHS = NO;
				CLANG_ANALYZER_NONNULL = YES;
				CLANG_ANALYZER_NUMBER_OBJECT_CONVERSION = YES_AGGRESSIVE;
				CLANG_CXX_LANGUAGE_STANDARD = "gnu++14";
				CLANG_CXX_LIBRARY = "libc++";
				CLANG_ENABLE_MODULES = YES;
				CLANG_ENABLE_OBJC_ARC = YES;
				CLANG_ENABLE_OBJC_WEAK = YES;
				CLANG_WARN_BLOCK_CAPTURE_AUTORELEASING = YES;
				CLANG_WARN_BOOL_CONVERSION = YES;
				CLANG_WARN_COMMA = YES;
				CLANG_WARN_CONSTANT_CONVERSION = YES;
				CLANG_WARN_DEPRECATED_OBJC_IMPLEMENTATIONS = YES;
				CLANG_WARN_DIRECT_OBJC_ISA_USAGE = YES_ERROR;
				CLANG_WARN_DOCUMENTATION_COMMENTS = YES;
				CLANG_WARN_EMPTY_BODY = YES;
				CLANG_WARN_ENUM_CONVERSION = YES;
				CLANG_WARN_INFINITE_RECURSION = YES;
				CLANG_WARN_INT_CONVERSION = YES;
				CLANG_WARN_NON_LITERAL_NULL_CONVERSION = YES;
				CLANG_WARN_OBJC_IMPLICIT_RETAIN_SELF = YES;
				CLANG_WARN_OBJC_LITERAL_CONVERSION = YES;
				CLANG_WARN_OBJC_ROOT_CLASS = YES_ERROR;
				CLANG_WARN_RANGE_LOOP_ANALYSIS = YES;
				CLANG_WARN_STRICT_PROTOTYPES = YES;
				CLANG_WARN_SUSPICIOUS_MOVE = YES;
				CLANG_WARN_UNGUARDED_AVAILABILITY = YES_AGGRESSIVE;
				CLANG_WARN_UNREACHABLE_CODE = YES;
				CLANG_WARN__DUPLICATE_METHOD_MATCH = YES;
				CODE_SIGN_IDENTITY = "iPhone Developer";
				COPY_PHASE_STRIP = NO;
				DEBUG_INFORMATION_FORMAT = dwarf;
				ENABLE_STRICT_OBJC_MSGSEND = YES;
				ENABLE_TESTABILITY = YES;
				GCC_C_LANGUAGE_STANDARD = gnu11;
				GCC_DYNAMIC_NO_PIC = NO;
				GCC_NO_COMMON_BLOCKS = YES;
				GCC_OPTIMIZATION_LEVEL = 0;
				GCC_PREPROCESSOR_DEFINITIONS = (
					"DEBUG=1",
					"$(inherited)",
				);
				GCC_WARN_64_TO_32_BIT_CONVERSION = YES;
				GCC_WARN_ABOUT_RETURN_TYPE = YES_ERROR;
				GCC_WARN_UNDECLARED_SELECTOR = YES;
				GCC_WARN_UNINITIALIZED_AUTOS = YES_AGGRESSIVE;
				GCC_WARN_UNUSED_FUNCTION = YES;
				GCC_WARN_UNUSED_VARIABLE = YES;
				IPHONEOS_DEPLOYMENT_TARGET = 11.4;
				MTL_ENABLE_DEBUG_INFO = YES;
				ONLY_ACTIVE_ARCH = YES;
				SDKROOT = iphoneos;
			};
			name = Debug;
		};
		108970B321197FB600A2827E /* Release */ = {
			isa = XCBuildConfiguration;
			buildSettings = {
				ALWAYS_SEARCH_USER_PATHS = NO;
				CLANG_ANALYZER_NONNULL = YES;
				CLANG_ANALYZER_NUMBER_OBJECT_CONVERSION = YES_AGGRESSIVE;
				CLANG_CXX_LANGUAGE_STANDARD = "gnu++14";
				CLANG_CXX_LIBRARY = "libc++";
				CLANG_ENABLE_MODULES = YES;
				CLANG_ENABLE_OBJC_ARC = YES;
				CLANG_ENABLE_OBJC_WEAK = YES;
				CLANG_WARN_BLOCK_CAPTURE_AUTORELEASING = YES;
				CLANG_WARN_BOOL_CONVERSION = YES;
				CLANG_WARN_COMMA = YES;
				CLANG_WARN_CONSTANT_CONVERSION = YES;
				CLANG_WARN_DEPRECATED_OBJC_IMPLEMENTATIONS = YES;
				CLANG_WARN_DIRECT_OBJC_ISA_USAGE = YES_ERROR;
				CLANG_WARN_DOCUMENTATION_COMMENTS = YES;
				CLANG_WARN_EMPTY_BODY = YES;
				CLANG_WARN_ENUM_CONVERSION = YES;
				CLANG_WARN_INFINITE_RECURSION = YES;
				CLANG_WARN_INT_CONVERSION = YES;
				CLANG_WARN_NON_LITERAL_NULL_CONVERSION = YES;
				CLANG_WARN_OBJC_IMPLICIT_RETAIN_SELF = YES;
				CLANG_WARN_OBJC_LITERAL_CONVERSION = YES;
				CLANG_WARN_OBJC_ROOT_CLASS = YES_ERROR;
				CLANG_WARN_RANGE_LOOP_ANALYSIS = YES;
				CLANG_WARN_STRICT_PROTOTYPES = YES;
				CLANG_WARN_SUSPICIOUS_MOVE = YES;
				CLANG_WARN_UNGUARDED_AVAILABILITY = YES_AGGRESSIVE;
				CLANG_WARN_UNREACHABLE_CODE = YES;
				CLANG_WARN__DUPLICATE_METHOD_MATCH = YES;
				CODE_SIGN_IDENTITY = "iPhone Developer";
				COPY_PHASE_STRIP = NO;
				DEBUG_INFORMATION_FORMAT = "dwarf-with-dsym";
				ENABLE_NS_ASSERTIONS = NO;
				ENABLE_STRICT_OBJC_MSGSEND = YES;
				GCC_C_LANGUAGE_STANDARD = gnu11;
				GCC_NO_COMMON_BLOCKS = YES;
				GCC_WARN_64_TO_32_BIT_CONVERSION = YES;
				GCC_WARN_ABOUT_RETURN_TYPE = YES_ERROR;
				GCC_WARN_UNDECLARED_SELECTOR = YES;
				GCC_WARN_UNINITIALIZED_AUTOS = YES_AGGRESSIVE;
				GCC_WARN_UNUSED_FUNCTION = YES;
				GCC_WARN_UNUSED_VARIABLE = YES;
				IPHONEOS_DEPLOYMENT_TARGET = 11.4;
				MTL_ENABLE_DEBUG_INFO = NO;
				SDKROOT = iphoneos;
				VALIDATE_PRODUCT = YES;
			};
			name = Release;
		};
		108970B521197FB600A2827E /* Debug */ = {
			isa = XCBuildConfiguration;
			baseConfigurationReference = D9C2DEF7E7B615FA5E1D58DA /* Pods-A.debug.xcconfig */;
			buildSettings = {
				ASSETCATALOG_COMPILER_APPICON_NAME = AppIcon;
				CODE_SIGN_STYLE = Automatic;
				INFOPLIST_FILE = A/Info.plist;
				LD_RUNPATH_SEARCH_PATHS = (
					"$(inherited)",
					"@executable_path/Frameworks",
				);
				PRODUCT_BUNDLE_IDENTIFIER = org.anybox.A;
				PRODUCT_NAME = "$(TARGET_NAME)";
				TARGETED_DEVICE_FAMILY = "1,2";
			};
			name = Debug;
		};
		108970B621197FB600A2827E /* Release */ = {
			isa = XCBuildConfiguration;
			baseConfigurationReference = 66A85BB613FDF85E764EE3AE /* Pods-A.release.xcconfig */;
			buildSettings = {
				ASSETCATALOG_COMPILER_APPICON_NAME = AppIcon;
				CODE_SIGN_STYLE = Automatic;
				INFOPLIST_FILE = A/Info.plist;
				LD_RUNPATH_SEARCH_PATHS = (
					"$(inherited)",
					"@executable_path/Frameworks",
				);
				PRODUCT_BUNDLE_IDENTIFIER = org.anybox.A;
				PRODUCT_NAME = "$(TARGET_NAME)";
				TARGETED_DEVICE_FAMILY = "1,2";
			};
			name = Release;
		};
/* End XCBuildConfiguration section */

/* Begin XCConfigurationList section */
		1089708321197FB400A2827E /* Build configuration list for PBXProject "A" */ = {
			isa = XCConfigurationList;
			buildConfigurations = (
				108970B221197FB600A2827E /* Debug */,
				108970B321197FB600A2827E /* Release */,
			);
			defaultConfigurationIsVisible = 0;
			defaultConfigurationName = Release;
		};
		108970B421197FB600A2827E /* Build configuration list for PBXNativeTarget "A" */ = {
			isa = XCConfigurationList;
			buildConfigurations = (
				108970B521197FB600A2827E /* Debug */,
				108970B621197FB600A2827E /* Release */,
			);
			defaultConfigurationIsVisible = 0;
			defaultConfigurationName = Release;
		};
/* End XCConfigurationList section */
	};
	rootObject = 1089708021197FB400A2827E /* Project object */;
}
